# This file is automatically @generated by Cargo.
# It is not intended for manual editing.
version = 3

[[package]]
name = "buddy-alloc"
version = "0.4.1"
source = "registry+https://github.com/rust-lang/crates.io-index"
checksum = "8ff9f338986406db85e2b5deb40a9255b796ca03a194c7457403d215173f3fd5"

[[package]]
name = "cart"
version = "0.1.0"
dependencies = [
 "buddy-alloc",
 "once_cell",
 "rustc-hash",
]

[[package]]
name = "once_cell"
version = "1.12.0"
source = "registry+https://github.com/rust-lang/crates.io-index"
checksum = "7709cef83f0c1f58f666e746a08b21e0085f7440fa6a29cc194d68aac97a4225"

[[package]]
name = "rustc-hash"
version = "1.1.0"
source = "registry+https://github.com/rust-lang/crates.io-index"
checksum = "08d43f7aa6b08d49f382cde6a7982047c3426db949b1424bc4b7ec9ae12c6ce2"
